
Microsoft Visual Studio Solution File, Format Version 12.00
# Visual Studio 15
VisualStudioVersion = 15.0.28307.779
MinimumVisualStudioVersion = 10.0.40219.1
Project("{FAE04EC0-301F-11D3-BF4B-00C04F79EFBC}") = "AdventureWorks.App", "AdventureWorks.App\AdventureWorks.App.csproj", "{E0BEBDBF-85A9-4A61-9F21-18B0BE887823}"
EndProject
Project("{FAE04EC0-301F-11D3-BF4B-00C04F79EFBC}") = "AdventureWorks.EF.Data", "AdventureWorks.EF.Data\AdventureWorks.EF.Data.csproj", "{7EB5780F-83FA-4C1B-90F7-395E0DAFC212}"
EndProject
Project("{FAE04EC0-301F-11D3-BF4B-00C04F79EFBC}") = "AdventureWorks.EF.ProcsandFuncs", "AdventureWorks.EF.ProcsandFuncs\AdventureWorks.EF.ProcsandFuncs.csproj", "{F5F8E956-80C8-4E06-B394-CE605CDA9BB4}"
EndProject
Project("{FAE04EC0-301F-11D3-BF4B-00C04F79EFBC}") = "AdventureWorks.Data.Repositories", "AdventureWorks.Data.Repositories\AdventureWorks.Data.Repositories.csproj", "{4CF6BB45-5C9C-4B63-8850-04A83DE5852B}"
EndProject
Project("{FAE04EC0-301F-11D3-BF4B-00C04F79EFBC}") = "AdventureWorks.Service", "AdventureWorks.Service\AdventureWorks.Service.csproj", "{DD240048-528F-405D-AF64-8B583B45A8D5}"
EndProject
Project("{FAE04EC0-301F-11D3-BF4B-00C04F79EFBC}") = "AdventureWorks.EF.Views", "AdventureWorks.EF.Views\AdventureWorks.EF.Views.csproj", "{FA7CA6B8-CD92-4626-8F4F-03381A94D561}"
EndProject
Project("{FAE04EC0-301F-11D3-BF4B-00C04F79EFBC}") = "AdventureWorks.Utilities", "AdventureWorks.Utilities\AdventureWorks.Utilities.csproj", "{714D69DF-B81A-42AE-9B89-46C644449AEB}"
EndProject
Global
	GlobalSection(SolutionConfigurationPlatforms) = preSolution
		Debug|Any CPU = Debug|Any CPU
		Release|Any CPU = Release|Any CPU
	EndGlobalSection
	GlobalSection(ProjectConfigurationPlatforms) = postSolution
		{E0BEBDBF-85A9-4A61-9F21-18B0BE887823}.Debug|Any CPU.ActiveCfg = Debug|Any CPU
		{E0BEBDBF-85A9-4A61-9F21-18B0BE887823}.Debug|Any CPU.Build.0 = Debug|Any CPU
		{E0BEBDBF-85A9-4A61-9F21-18B0BE887823}.Release|Any CPU.ActiveCfg = Release|Any CPU
		{E0BEBDBF-85A9-4A61-9F21-18B0BE887823}.Release|Any CPU.Build.0 = Release|Any CPU
		{7EB5780F-83FA-4C1B-90F7-395E0DAFC212}.Debug|Any CPU.ActiveCfg = Debug|Any CPU
		{7EB5780F-83FA-4C1B-90F7-395E0DAFC212}.Debug|Any CPU.Build.0 = Debug|Any CPU
		{7EB5780F-83FA-4C1B-90F7-395E0DAFC212}.Release|Any CPU.ActiveCfg = Release|Any CPU
		{7EB5780F-83FA-4C1B-90F7-395E0DAFC212}.Release|Any CPU.Build.0 = Release|Any CPU
		{F5F8E956-80C8-4E06-B394-CE605CDA9BB4}.Debug|Any CPU.ActiveCfg = Debug|Any CPU
		{F5F8E956-80C8-4E06-B394-CE605CDA9BB4}.Debug|Any CPU.Build.0 = Debug|Any CPU
		{F5F8E956-80C8-4E06-B394-CE605CDA9BB4}.Release|Any CPU.ActiveCfg = Release|Any CPU
		{F5F8E956-80C8-4E06-B394-CE605CDA9BB4}.Release|Any CPU.Build.0 = Release|Any CPU
		{4CF6BB45-5C9C-4B63-8850-04A83DE5852B}.Debug|Any CPU.ActiveCfg = Debug|Any CPU
		{4CF6BB45-5C9C-4B63-8850-04A83DE5852B}.Debug|Any CPU.Build.0 = Debug|Any CPU
		{4CF6BB45-5C9C-4B63-8850-04A83DE5852B}.Release|Any CPU.ActiveCfg = Release|Any CPU
		{4CF6BB45-5C9C-4B63-8850-04A83DE5852B}.Release|Any CPU.Build.0 = Release|Any CPU
		{DD240048-528F-405D-AF64-8B583B45A8D5}.Debug|Any CPU.ActiveCfg = Debug|Any CPU
		{DD240048-528F-405D-AF64-8B583B45A8D5}.Debug|Any CPU.Build.0 = Debug|Any CPU
		{DD240048-528F-405D-AF64-8B583B45A8D5}.Release|Any CPU.ActiveCfg = Release|Any CPU
		{DD240048-528F-405D-AF64-8B583B45A8D5}.Release|Any CPU.Build.0 = Release|Any CPU
		{FA7CA6B8-CD92-4626-8F4F-03381A94D561}.Debug|Any CPU.ActiveCfg = Debug|Any CPU
		{FA7CA6B8-CD92-4626-8F4F-03381A94D561}.Debug|Any CPU.Build.0 = Debug|Any CPU
		{FA7CA6B8-CD92-4626-8F4F-03381A94D561}.Release|Any CPU.ActiveCfg = Release|Any CPU
		{FA7CA6B8-CD92-4626-8F4F-03381A94D561}.Release|Any CPU.Build.0 = Release|Any CPU
		{714D69DF-B81A-42AE-9B89-46C644449AEB}.Debug|Any CPU.ActiveCfg = Debug|Any CPU
		{714D69DF-B81A-42AE-9B89-46C644449AEB}.Debug|Any CPU.Build.0 = Debug|Any CPU
		{714D69DF-B81A-42AE-9B89-46C644449AEB}.Release|Any CPU.ActiveCfg = Release|Any CPU
		{714D69DF-B81A-42AE-9B89-46C644449AEB}.Release|Any CPU.Build.0 = Release|Any CPU
	EndGlobalSection
	GlobalSection(SolutionProperties) = preSolution
		HideSolutionNode = FALSE
	EndGlobalSection
	GlobalSection(ExtensibilityGlobals) = postSolution
		SolutionGuid = {6209D58A-A1FA-4B19-B7D4-A0A21ADAA856}
	EndGlobalSection
EndGlobal
